
Microsoft Visual Studio Solution File, Format Version 12.00
# Visual Studio Version 16
VisualStudioVersion = 16.0.29519.181
MinimumVisualStudioVersion = 10.0.40219.1
Project("{9A19103F-16F7-4668-BE54-9A1E7A4F7556}") = "Algorithms.Clustering", "src\Algorithms.Clustering\Algorithms.Clustering.csproj", "{DF893F85-8F31-4FBB-9C6A-147F66C2C63F}"
EndProject
Project("{2150E333-8FDC-42A3-9474-1A3956D46DE8}") = "src", "src", "{38D45EF2-10B2-40AB-A66B-F3B6DF5B2111}"
EndProject
Project("{9A19103F-16F7-4668-BE54-9A1E7A4F7556}") = "Algorithms.Sorting", "src\Algorithms.Sorting\Algorithms.Sorting.csproj", "{B1F77D4B-587B-4993-ABAE-FFB0C4CECF06}"
EndProject
Project("{2150E333-8FDC-42A3-9474-1A3956D46DE8}") = "test", "test", "{6E76BF32-7B10-4295-BB87-BF2AFF12887A}"
EndProject
Project("{9A19103F-16F7-4668-BE54-9A1E7A4F7556}") = "Algorithm.Sorting.Test", "test\Algorithm.Sorting.Test\Algorithm.Sorting.Test.csproj", "{E803C812-C074-40C7-BAD5-2839230C5046}"
EndProject
Project("{9A19103F-16F7-4668-BE54-9A1E7A4F7556}") = "Algorithms.Structures", "src\Algorithms.Structures\Algorithms.Structures.csproj", "{8D61AD59-872D-4E4B-BFA5-A665EA67C109}"
EndProject
Project("{9A19103F-16F7-4668-BE54-9A1E7A4F7556}") = "Algorithms.Structures.Test", "test\Algorithms.Structures.Test\Algorithms.Structures.Test.csproj", "{43152483-EBA6-45DC-99ED-6E4D94C7A7CA}"
EndProject
Project("{9A19103F-16F7-4668-BE54-9A1E7A4F7556}") = "Algorithms.Encoding", "src\Algorithms.Encoding\Algorithms.Encoding.csproj", "{458F7D64-81C1-4693-BD86-EDED9A191CC6}"
EndProject
Project("{9A19103F-16F7-4668-BE54-9A1E7A4F7556}") = "Algorithm.Encoding.Test", "test\Algorithm.Encoding.Test\Algorithm.Encoding.Test.csproj", "{EBDB7DA1-83E5-4892-8DA2-D16A9FDD6AEB}"
EndProject
Project("{9A19103F-16F7-4668-BE54-9A1E7A4F7556}") = "Algorithms.Graphs", "src\Algorithms.Graphs\Algorithms.Graphs.csproj", "{3C281DB7-C017-4193-80BF-B3B325815248}"
EndProject
Project("{9A19103F-16F7-4668-BE54-9A1E7A4F7556}") = "Allgorithms.Graphs.Test", "test\Allgorithms.Graphs.Test\Allgorithms.Graphs.Test.csproj", "{0BBBA4AF-20F1-44BB-8F5E-4574FB900A4F}"
EndProject
Project("{9A19103F-16F7-4668-BE54-9A1E7A4F7556}") = "Algorithms.Greedy", "src\Algorithms.Greedy\Algorithms.Greedy.csproj", "{D9A51BCA-C57B-4DB4-80BC-20473120E20F}"
EndProject
Project("{9A19103F-16F7-4668-BE54-9A1E7A4F7556}") = "Algorithms.Greedy.Test", "test\Algorithms.Greedy.Test\Algorithms.Greedy.Test.csproj", "{D1DFF233-1F4E-4E1F-BB01-87FC9C449128}"
EndProject
Project("{9A19103F-16F7-4668-BE54-9A1E7A4F7556}") = "Algorithms.DynamicProgramming", "src\Algorithms.DynamicProgramming\Algorithms.DynamicProgramming.csproj", "{2C9F31F7-B6C3-40F9-9F65-63C4AD95CB5D}"
EndProject
Project("{9A19103F-16F7-4668-BE54-9A1E7A4F7556}") = "Algorithms.DynamicProgramming.Test", "test\Algorithms.DynamicProgramming.Test\Algorithms.DynamicProgramming.Test.csproj", "{FF14B577-FA82-4F0C-A62E-D5D9F28BFA47}"
EndProject
Project("{9A19103F-16F7-4668-BE54-9A1E7A4F7556}") = "TestLib", "src\TestLib\TestLib.csproj", "{8D277FDA-770C-4F38-93E8-B089793DA44C}"
EndProject
Global
	GlobalSection(SolutionConfigurationPlatforms) = preSolution
		Debug|Any CPU = Debug|Any CPU
		Release|Any CPU = Release|Any CPU
	EndGlobalSection
	GlobalSection(ProjectConfigurationPlatforms) = postSolution
		{DF893F85-8F31-4FBB-9C6A-147F66C2C63F}.Debug|Any CPU.ActiveCfg = Debug|Any CPU
		{DF893F85-8F31-4FBB-9C6A-147F66C2C63F}.Debug|Any CPU.Build.0 = Debug|Any CPU
		{DF893F85-8F31-4FBB-9C6A-147F66C2C63F}.Release|Any CPU.ActiveCfg = Release|Any CPU
		{DF893F85-8F31-4FBB-9C6A-147F66C2C63F}.Release|Any CPU.Build.0 = Release|Any CPU
		{B1F77D4B-587B-4993-ABAE-FFB0C4CECF06}.Debug|Any CPU.ActiveCfg = Debug|Any CPU
		{B1F77D4B-587B-4993-ABAE-FFB0C4CECF06}.Debug|Any CPU.Build.0 = Debug|Any CPU
		{B1F77D4B-587B-4993-ABAE-FFB0C4CECF06}.Release|Any CPU.ActiveCfg = Release|Any CPU
		{B1F77D4B-587B-4993-ABAE-FFB0C4CECF06}.Release|Any CPU.Build.0 = Release|Any CPU
		{E803C812-C074-40C7-BAD5-2839230C5046}.Debug|Any CPU.ActiveCfg = Debug|Any CPU
		{E803C812-C074-40C7-BAD5-2839230C5046}.Debug|Any CPU.Build.0 = Debug|Any CPU
		{E803C812-C074-40C7-BAD5-2839230C5046}.Release|Any CPU.ActiveCfg = Release|Any CPU
		{E803C812-C074-40C7-BAD5-2839230C5046}.Release|Any CPU.Build.0 = Release|Any CPU
		{8D61AD59-872D-4E4B-BFA5-A665EA67C109}.Debug|Any CPU.ActiveCfg = Debug|Any CPU
		{8D61AD59-872D-4E4B-BFA5-A665EA67C109}.Debug|Any CPU.Build.0 = Debug|Any CPU
		{8D61AD59-872D-4E4B-BFA5-A665EA67C109}.Release|Any CPU.ActiveCfg = Release|Any CPU
		{8D61AD59-872D-4E4B-BFA5-A665EA67C109}.Release|Any CPU.Build.0 = Release|Any CPU
		{43152483-EBA6-45DC-99ED-6E4D94C7A7CA}.Debug|Any CPU.ActiveCfg = Debug|Any CPU
		{43152483-EBA6-45DC-99ED-6E4D94C7A7CA}.Debug|Any CPU.Build.0 = Debug|Any CPU
		{43152483-EBA6-45DC-99ED-6E4D94C7A7CA}.Release|Any CPU.ActiveCfg = Release|Any CPU
		{43152483-EBA6-45DC-99ED-6E4D94C7A7CA}.Release|Any CPU.Build.0 = Release|Any CPU
		{458F7D64-81C1-4693-BD86-EDED9A191CC6}.Debug|Any CPU.ActiveCfg = Debug|Any CPU
		{458F7D64-81C1-4693-BD86-EDED9A191CC6}.Debug|Any CPU.Build.0 = Debug|Any CPU
		{458F7D64-81C1-4693-BD86-EDED9A191CC6}.Release|Any CPU.ActiveCfg = Release|Any CPU
		{458F7D64-81C1-4693-BD86-EDED9A191CC6}.Release|Any CPU.Build.0 = Release|Any CPU
		{EBDB7DA1-83E5-4892-8DA2-D16A9FDD6AEB}.Debug|Any CPU.ActiveCfg = Debug|Any CPU
		{EBDB7DA1-83E5-4892-8DA2-D16A9FDD6AEB}.Debug|Any CPU.Build.0 = Debug|Any CPU
		{EBDB7DA1-83E5-4892-8DA2-D16A9FDD6AEB}.Release|Any CPU.ActiveCfg = Release|Any CPU
		{EBDB7DA1-83E5-4892-8DA2-D16A9FDD6AEB}.Release|Any CPU.Build.0 = Release|Any CPU
		{3C281DB7-C017-4193-80BF-B3B325815248}.Debug|Any CPU.ActiveCfg = Debug|Any CPU
		{3C281DB7-C017-4193-80BF-B3B325815248}.Debug|Any CPU.Build.0 = Debug|Any CPU
		{3C281DB7-C017-4193-80BF-B3B325815248}.Release|Any CPU.ActiveCfg = Release|Any CPU
		{3C281DB7-C017-4193-80BF-B3B325815248}.Release|Any CPU.Build.0 = Release|Any CPU
		{0BBBA4AF-20F1-44BB-8F5E-4574FB900A4F}.Debug|Any CPU.ActiveCfg = Debug|Any CPU
		{0BBBA4AF-20F1-44BB-8F5E-4574FB900A4F}.Debug|Any CPU.Build.0 = Debug|Any CPU
		{0BBBA4AF-20F1-44BB-8F5E-4574FB900A4F}.Release|Any CPU.ActiveCfg = Release|Any CPU
		{0BBBA4AF-20F1-44BB-8F5E-4574FB900A4F}.Release|Any CPU.Build.0 = Release|Any CPU
		{D9A51BCA-C57B-4DB4-80BC-20473120E20F}.Debug|Any CPU.ActiveCfg = Debug|Any CPU
		{D9A51BCA-C57B-4DB4-80BC-20473120E20F}.Debug|Any CPU.Build.0 = Debug|Any CPU
		{D9A51BCA-C57B-4DB4-80BC-20473120E20F}.Release|Any CPU.ActiveCfg = Release|Any CPU
		{D9A51BCA-C57B-4DB4-80BC-20473120E20F}.Release|Any CPU.Build.0 = Release|Any CPU
		{D1DFF233-1F4E-4E1F-BB01-87FC9C449128}.Debug|Any CPU.ActiveCfg = Debug|Any CPU
		{D1DFF233-1F4E-4E1F-BB01-87FC9C449128}.Debug|Any CPU.Build.0 = Debug|Any CPU
		{D1DFF233-1F4E-4E1F-BB01-87FC9C449128}.Release|Any CPU.ActiveCfg = Release|Any CPU
		{D1DFF233-1F4E-4E1F-BB01-87FC9C449128}.Release|Any CPU.Build.0 = Release|Any CPU
		{2C9F31F7-B6C3-40F9-9F65-63C4AD95CB5D}.Debug|Any CPU.ActiveCfg = Debug|Any CPU
		{2C9F31F7-B6C3-40F9-9F65-63C4AD95CB5D}.Debug|Any CPU.Build.0 = Debug|Any CPU
		{2C9F31F7-B6C3-40F9-9F65-63C4AD95CB5D}.Release|Any CPU.ActiveCfg = Release|Any CPU
		{2C9F31F7-B6C3-40F9-9F65-63C4AD95CB5D}.Release|Any CPU.Build.0 = Release|Any CPU
		{FF14B577-FA82-4F0C-A62E-D5D9F28BFA47}.Debug|Any CPU.ActiveCfg = Debug|Any CPU
		{FF14B577-FA82-4F0C-A62E-D5D9F28BFA47}.Debug|Any CPU.Build.0 = Debug|Any CPU
		{FF14B577-FA82-4F0C-A62E-D5D9F28BFA47}.Release|Any CPU.ActiveCfg = Release|Any CPU
		{FF14B577-FA82-4F0C-A62E-D5D9F28BFA47}.Release|Any CPU.Build.0 = Release|Any CPU
		{8D277FDA-770C-4F38-93E8-B089793DA44C}.Debug|Any CPU.ActiveCfg = Debug|Any CPU
		{8D277FDA-770C-4F38-93E8-B089793DA44C}.Debug|Any CPU.Build.0 = Debug|Any CPU
		{8D277FDA-770C-4F38-93E8-B089793DA44C}.Release|Any CPU.ActiveCfg = Release|Any CPU
		{8D277FDA-770C-4F38-93E8-B089793DA44C}.Release|Any CPU.Build.0 = Release|Any CPU
	EndGlobalSection
	GlobalSection(SolutionProperties) = preSolution
		HideSolutionNode = FALSE
	EndGlobalSection
	GlobalSection(NestedProjects) = preSolution
		{DF893F85-8F31-4FBB-9C6A-147F66C2C63F} = {38D45EF2-10B2-40AB-A66B-F3B6DF5B2111}
		{B1F77D4B-587B-4993-ABAE-FFB0C4CECF06} = {38D45EF2-10B2-40AB-A66B-F3B6DF5B2111}
		{E803C812-C074-40C7-BAD5-2839230C5046} = {6E76BF32-7B10-4295-BB87-BF2AFF12887A}
		{8D61AD59-872D-4E4B-BFA5-A665EA67C109} = {38D45EF2-10B2-40AB-A66B-F3B6DF5B2111}
		{43152483-EBA6-45DC-99ED-6E4D94C7A7CA} = {6E76BF32-7B10-4295-BB87-BF2AFF12887A}
		{458F7D64-81C1-4693-BD86-EDED9A191CC6} = {38D45EF2-10B2-40AB-A66B-F3B6DF5B2111}
		{EBDB7DA1-83E5-4892-8DA2-D16A9FDD6AEB} = {6E76BF32-7B10-4295-BB87-BF2AFF12887A}
		{3C281DB7-C017-4193-80BF-B3B325815248} = {38D45EF2-10B2-40AB-A66B-F3B6DF5B2111}
		{0BBBA4AF-20F1-44BB-8F5E-4574FB900A4F} = {6E76BF32-7B10-4295-BB87-BF2AFF12887A}
		{D9A51BCA-C57B-4DB4-80BC-20473120E20F} = {38D45EF2-10B2-40AB-A66B-F3B6DF5B2111}
		{D1DFF233-1F4E-4E1F-BB01-87FC9C449128} = {6E76BF32-7B10-4295-BB87-BF2AFF12887A}
		{2C9F31F7-B6C3-40F9-9F65-63C4AD95CB5D} = {38D45EF2-10B2-40AB-A66B-F3B6DF5B2111}
		{FF14B577-FA82-4F0C-A62E-D5D9F28BFA47} = {6E76BF32-7B10-4295-BB87-BF2AFF12887A}
		{8D277FDA-770C-4F38-93E8-B089793DA44C} = {38D45EF2-10B2-40AB-A66B-F3B6DF5B2111}
	EndGlobalSection
	GlobalSection(ExtensibilityGlobals) = postSolution
		SolutionGuid = {7D96A5E1-F621-4B93-8F3A-597CC4A56FEC}
	EndGlobalSection
EndGlobal
